
Microsoft Visual Studio Solution File, Format Version 12.00
# Visual Studio Version 16
VisualStudioVersion = 16.0.31205.134
MinimumVisualStudioVersion = 10.0.40219.1
Project("{FAE04EC0-301F-11D3-BF4B-00C04F79EFBC}") = "JsonExceptionMessage", "JsonExceptionMessage\JsonExceptionMessage.csproj", "{18C155BD-449A-473B-9BB1-4E802B2CD2AA}"
EndProject
Global
	GlobalSection(SolutionConfigurationPlatforms) = preSolution
		Debug|Any CPU = Debug|Any CPU
		Release|Any CPU = Release|Any CPU
	EndGlobalSection
	GlobalSection(ProjectConfigurationPlatforms) = postSolution
		{18C155BD-449A-473B-9BB1-4E802B2CD2AA}.Debug|Any CPU.ActiveCfg = Debug|Any CPU
		{18C155BD-449A-473B-9BB1-4E802B2CD2AA}.Debug|Any CPU.Build.0 = Debug|Any CPU
		{18C155BD-449A-473B-9BB1-4E802B2CD2AA}.Release|Any CPU.ActiveCfg = Release|Any CPU
		{18C155BD-449A-473B-9BB1-4E802B2CD2AA}.Release|Any CPU.Build.0 = Release|Any CPU
	EndGlobalSection
	GlobalSection(SolutionProperties) = preSolution
		HideSolutionNode = FALSE
	EndGlobalSection
	GlobalSection(ExtensibilityGlobals) = postSolution
		SolutionGuid = {33271979-3824-4B8A-978C-054791BDCB8E}
	EndGlobalSection
EndGlobal
